{
    "_readme": [
        "This file locks the dependencies of your project to a known state",
        "Read more about it at https://getcomposer.org/doc/01-basic-usage.md#installing-dependencies",
        "This file is @generated automatically"
    ],
    "content-hash": "fca7ee1d80477e6454f68d21866be833",
    "packages": [
        {
            "name": "lazarusphp/lazarusdb",
            "version": "dev-main",
            "source": {
                "type": "git",
                "url": "https://github.com/LazarusModules/Lazarus-db.git",
                "reference": "21c9dcbb5c33a3d8f9893a743326ac4b380ca42e"
            },
            "dist": {
                "type": "zip",
                "url": "https://api.github.com/repos/LazarusModules/Lazarus-db/zipball/21c9dcbb5c33a3d8f9893a743326ac4b380ca42e",
                "reference": "21c9dcbb5c33a3d8f9893a743326ac4b380ca42e",
                "shasum": ""
            },
            "default-branch": true,
            "type": "library",
            "autoload": {
                "psr-4": {
                    "LazarusPhp\\LazarusDb\\": "src/"
                }
            },
            "notification-url": "https://packagist.org/downloads/",
            "license": [
                "MIT"
            ],
            "authors": [
                {
                    "name": "Martin Bamber"
                }
            ],
            "description": "Database connection mnager for LazarusPhp framework",
            "support": {
                "issues": "https://github.com/LazarusModules/Lazarus-db/issues",
                "source": "https://github.com/LazarusModules/Lazarus-db/tree/main"
            },
            "time": "2024-05-28T15:12:11+00:00"
        }
    ],
    "packages-dev": [],
    "aliases": [],
    "minimum-stability": "dev",
    "stability-flags": [],
    "prefer-stable": false,
    "prefer-lowest": false,
    "platform": [],
    "platform-dev": [],
    "plugin-api-version": "2.6.0"
}
