{
    "_readme": [
        "This file locks the dependencies of your project to a known state",
        "Read more about it at https://getcomposer.org/doc/01-basic-usage.md#installing-dependencies",
        "This file is @generated automatically"
    ],
    "content-hash": "924c0773626916a301c01700ac474c37",
    "packages": [
        {
            "name": "lazarusphp/lazarusdb",
            "version": "v1.0.0",
            "source": {
                "type": "git",
                "url": "https://github.com/LazarusModules/Lazarus-db.git",
                "reference": "8bb6db5e34e4c4c88e66a7d881a3bd8cbcd4e696"
            },
            "dist": {
                "type": "zip",
                "url": "https://api.github.com/repos/LazarusModules/Lazarus-db/zipball/8bb6db5e34e4c4c88e66a7d881a3bd8cbcd4e696",
                "reference": "8bb6db5e34e4c4c88e66a7d881a3bd8cbcd4e696",
                "shasum": ""
            },
            "type": "library",
            "autoload": {
                "psr-4": {
                    "LazarusPhp\\LazarusDb\\": "src/"
                }
            },
            "notification-url": "https://packagist.org/downloads/",
            "license": [
                "MIT"
            ],
            "authors": [
                {
                    "name": "Martin Bamber"
                }
            ],
            "description": "Database connection mnager for LazarusPhp framework",
            "support": {
                "issues": "https://github.com/LazarusModules/Lazarus-db/issues",
                "source": "https://github.com/LazarusModules/Lazarus-db/tree/v1.0.0"
            },
            "time": "2024-05-29T09:50:06+00:00"
        }
    ],
    "packages-dev": [],
    "aliases": [],
    "minimum-stability": "stable",
    "stability-flags": [],
    "prefer-stable": false,
    "prefer-lowest": false,
    "platform": [],
    "platform-dev": [],
    "plugin-api-version": "2.6.0"
}
